// !$*UTF8*$!
{
	archiveVersion = 1;
	classes = {
	};
	objectVersion = 50;
	objects = {

/* Begin PBXBuildFile section */
		590E83DD22DE6F260004AE05 /* Assets.xcassets in Resources */ = {isa = PBXBuildFile; fileRef = 590E83DC22DE6F260004AE05 /* Assets.xcassets */; };
		5987758A22D2962500CDD46D /* AppDelegate.swift in Sources */ = {isa = PBXBuildFile; fileRef = 5987758922D2962500CDD46D /* AppDelegate.swift */; };
		5987758C22D2962500CDD46D /* PlayerViewController.swift in Sources */ = {isa = PBXBuildFile; fileRef = 5987758B22D2962500CDD46D /* PlayerViewController.swift */; };
		5987758F22D2962500CDD46D /* Main.storyboard in Resources */ = {isa = PBXBuildFile; fileRef = 5987758D22D2962500CDD46D /* Main.storyboard */; };
		5987759422D2962600CDD46D /* LaunchScreen.storyboard in Resources */ = {isa = PBXBuildFile; fileRef = 5987759222D2962600CDD46D /* LaunchScreen.storyboard */; };
		5987759C22D3D7AB00CDD46D /* MenuViewController.swift in Sources */ = {isa = PBXBuildFile; fileRef = 5987759B22D3D7AB00CDD46D /* MenuViewController.swift */; };
		598775A222D3D91900CDD46D /* MicAnalysisViewController.swift in Sources */ = {isa = PBXBuildFile; fileRef = 598775A122D3D91900CDD46D /* MicAnalysisViewController.swift */; };
		CA503852A0934E773414CD16 /* Pods_AudioKitTutorial.framework in Frameworks */ = {isa = PBXBuildFile; fileRef = 03187E8AF65704FF979938CA /* Pods_AudioKitTutorial.framework */; };
/* End PBXBuildFile section */

/* Begin PBXFileReference section */
		03187E8AF65704FF979938CA /* Pods_AudioKitTutorial.framework */ = {isa = PBXFileReference; explicitFileType = wrapper.framework; includeInIndex = 0; path = Pods_AudioKitTutorial.framework; sourceTree = BUILT_PRODUCTS_DIR; };
		114EA8276E011E1CAF1C152F /* Pods-AudioKitTutorial.release.xcconfig */ = {isa = PBXFileReference; includeInIndex = 1; lastKnownFileType = text.xcconfig; name = "Pods-AudioKitTutorial.release.xcconfig"; path = "Target Support Files/Pods-AudioKitTutorial/Pods-AudioKitTutorial.release.xcconfig"; sourceTree = "<group>"; };
		1467B262A2D25EC32068CABB /* Pods-AudioKitTutorial.debug.xcconfig */ = {isa = PBXFileReference; includeInIndex = 1; lastKnownFileType = text.xcconfig; name = "Pods-AudioKitTutorial.debug.xcconfig"; path = "Target Support Files/Pods-AudioKitTutorial/Pods-AudioKitTutorial.debug.xcconfig"; sourceTree = "<group>"; };
		590E83DC22DE6F260004AE05 /* Assets.xcassets */ = {isa = PBXFileReference; lastKnownFileType = folder.assetcatalog; path = Assets.xcassets; sourceTree = "<group>"; };
		5987758622D2962500CDD46D /* AudioKitTutorial.app */ = {isa = PBXFileReference; explicitFileType = wrapper.application; includeInIndex = 0; path = AudioKitTutorial.app; sourceTree = BUILT_PRODUCTS_DIR; };
		5987758922D2962500CDD46D /* AppDelegate.swift */ = {isa = PBXFileReference; lastKnownFileType = sourcecode.swift; path = AppDelegate.swift; sourceTree = "<group>"; };
		5987758B22D2962500CDD46D /* PlayerViewController.swift */ = {isa = PBXFileReference; lastKnownFileType = sourcecode.swift; path = PlayerViewController.swift; sourceTree = "<group>"; };
		5987758E22D2962500CDD46D /* Base */ = {isa = PBXFileReference; lastKnownFileType = file.storyboard; name = Base; path = Base.lproj/Main.storyboard; sourceTree = "<group>"; };
		5987759322D2962600CDD46D /* Base */ = {isa = PBXFileReference; lastKnownFileType = file.storyboard; name = Base; path = Base.lproj/LaunchScreen.storyboard; sourceTree = "<group>"; };
		5987759522D2962600CDD46D /* Info.plist */ = {isa = PBXFileReference; lastKnownFileType = text.plist.xml; path = Info.plist; sourceTree = "<group>"; };
		5987759B22D3D7AB00CDD46D /* MenuViewController.swift */ = {isa = PBXFileReference; lastKnownFileType = sourcecode.swift; path = MenuViewController.swift; sourceTree = "<group>"; };
		598775A122D3D91900CDD46D /* MicAnalysisViewController.swift */ = {isa = PBXFileReference; lastKnownFileType = sourcecode.swift; path = MicAnalysisViewController.swift; sourceTree = "<group>"; };
/* End PBXFileReference section */

/* Begin PBXFrameworksBuildPhase section */
		5987758322D2962500CDD46D /* Frameworks */ = {
			isa = PBXFrameworksBuildPhase;
			buildActionMask = 2147483647;
			files = (
				CA503852A0934E773414CD16 /* Pods_AudioKitTutorial.framework in Frameworks */,
			);
			runOnlyForDeploymentPostprocessing = 0;
		};
/* End PBXFrameworksBuildPhase section */

/* Begin PBXGroup section */
		0FFFA04138535451C1E43912 /* Frameworks */ = {
			isa = PBXGroup;
			children = (
				03187E8AF65704FF979938CA /* Pods_AudioKitTutorial.framework */,
			);
			name = Frameworks;
			sourceTree = "<group>";
		};
		5987757D22D2962500CDD46D = {
			isa = PBXGroup;
			children = (
				5987758822D2962500CDD46D /* AudioKitTutorial */,
				5987758722D2962500CDD46D /* Products */,
				E5CF43E6B1018F548A7A0EE9 /* Pods */,
				0FFFA04138535451C1E43912 /* Frameworks */,
			);
			sourceTree = "<group>";
		};
		5987758722D2962500CDD46D /* Products */ = {
			isa = PBXGroup;
			children = (
				5987758622D2962500CDD46D /* AudioKitTutorial.app */,
			);
			name = Products;
			sourceTree = "<group>";
		};
		5987758822D2962500CDD46D /* AudioKitTutorial */ = {
			isa = PBXGroup;
			children = (
				5987758922D2962500CDD46D /* AppDelegate.swift */,
				5987759522D2962600CDD46D /* Info.plist */,
				598775A022D3D8DD00CDD46D /* Supporting Files */,
				5987759F22D3D8D700CDD46D /* Model */,
				5987759E22D3D8CB00CDD46D /* Controller */,
				5987759D22D3D8C200CDD46D /* View */,
			);
			path = AudioKitTutorial;
			sourceTree = "<group>";
		};
		5987759D22D3D8C200CDD46D /* View */ = {
			isa = PBXGroup;
			children = (
				5987758D22D2962500CDD46D /* Main.storyboard */,
				5987759222D2962600CDD46D /* LaunchScreen.storyboard */,
			);
			path = View;
			sourceTree = "<group>";
		};
		5987759E22D3D8CB00CDD46D /* Controller */ = {
			isa = PBXGroup;
			children = (
				5987758B22D2962500CDD46D /* PlayerViewController.swift */,
				5987759B22D3D7AB00CDD46D /* MenuViewController.swift */,
				598775A122D3D91900CDD46D /* MicAnalysisViewController.swift */,
			);
			path = Controller;
			sourceTree = "<group>";
		};
		5987759F22D3D8D700CDD46D /* Model */ = {
			isa = PBXGroup;
			children = (
			);
			path = Model;
			sourceTree = "<group>";
		};
		598775A022D3D8DD00CDD46D /* Supporting Files */ = {
			isa = PBXGroup;
			children = (
				590E83DC22DE6F260004AE05 /* Assets.xcassets */,
			);
			path = "Supporting Files";
			sourceTree = "<group>";
		};
		E5CF43E6B1018F548A7A0EE9 /* Pods */ = {
			isa = PBXGroup;
			children = (
				1467B262A2D25EC32068CABB /* Pods-AudioKitTutorial.debug.xcconfig */,
				114EA8276E011E1CAF1C152F /* Pods-AudioKitTutorial.release.xcconfig */,
			);
			path = Pods;
			sourceTree = "<group>";
		};
/* End PBXGroup section */

/* Begin PBXNativeTarget section */
		5987758522D2962500CDD46D /* AudioKitTutorial */ = {
			isa = PBXNativeTarget;
			buildConfigurationList = 5987759822D2962600CDD46D /* Build configuration list for PBXNativeTarget "AudioKitTutorial" */;
			buildPhases = (
				039C9EBCA0C7CF59F702F2E6 /* [CP] Check Pods Manifest.lock */,
				5987758222D2962500CDD46D /* Sources */,
				5987758322D2962500CDD46D /* Frameworks */,
				5987758422D2962500CDD46D /* Resources */,
			);
			buildRules = (
			);
			dependencies = (
			);
			name = AudioKitTutorial;
			productName = AudioKitTutorial;
			productReference = 5987758622D2962500CDD46D /* AudioKitTutorial.app */;
			productType = "com.apple.product-type.application";
		};
/* End PBXNativeTarget section */

/* Begin PBXProject section */
		5987757E22D2962500CDD46D /* Project object */ = {
			isa = PBXProject;
			attributes = {
				LastSwiftUpdateCheck = 1020;
				LastUpgradeCheck = 1020;
				ORGANIZATIONNAME = "Tiago Pestana";
				TargetAttributes = {
					5987758522D2962500CDD46D = {
						CreatedOnToolsVersion = 10.2.1;
					};
				};
			};
			buildConfigurationList = 5987758122D2962500CDD46D /* Build configuration list for PBXProject "AudioKitTutorial" */;
			compatibilityVersion = "Xcode 9.3";
			developmentRegion = en;
			hasScannedForEncodings = 0;
			knownRegions = (
				en,
				Base,
			);
			mainGroup = 5987757D22D2962500CDD46D;
			productRefGroup = 5987758722D2962500CDD46D /* Products */;
			projectDirPath = "";
			projectRoot = "";
			targets = (
				5987758522D2962500CDD46D /* AudioKitTutorial */,
			);
		};
/* End PBXProject section */

/* Begin PBXResourcesBuildPhase section */
		5987758422D2962500CDD46D /* Resources */ = {
			isa = PBXResourcesBuildPhase;
			buildActionMask = 2147483647;
			files = (
				5987759422D2962600CDD46D /* LaunchScreen.storyboard in Resources */,
				590E83DD22DE6F260004AE05 /* Assets.xcassets in Resources */,
				5987758F22D2962500CDD46D /* Main.storyboard in Resources */,
			);
			runOnlyForDeploymentPostprocessing = 0;
		};
/* End PBXResourcesBuildPhase section */

/* Begin PBXShellScriptBuildPhase section */
		039C9EBCA0C7CF59F702F2E6 /* [CP] Check Pods Manifest.lock */ = {
			isa = PBXShellScriptBuildPhase;
			buildActionMask = 2147483647;
			files = (
			);
			inputFileListPaths = (
			);
			inputPaths = (
				"${PODS_PODFILE_DIR_PATH}/Podfile.lock",
				"${PODS_ROOT}/Manifest.lock",
			);
			name = "[CP] Check Pods Manifest.lock";
			outputFileListPaths = (
			);
			outputPaths = (
				"$(DERIVED_FILE_DIR)/Pods-AudioKitTutorial-checkManifestLockResult.txt",
			);
			runOnlyForDeploymentPostprocessing = 0;
			shellPath = /bin/sh;
			shellScript = "diff \"${PODS_PODFILE_DIR_PATH}/Podfile.lock\" \"${PODS_ROOT}/Manifest.lock\" > /dev/null\nif [ $? != 0 ] ; then\n    # print error to STDERR\n    echo \"error: The sandbox is not in sync with the Podfile.lock. Run 'pod install' or update your CocoaPods installation.\" >&2\n    exit 1\nfi\n# This output is used by Xcode 'outputs' to avoid re-running this script phase.\necho \"SUCCESS\" > \"${SCRIPT_OUTPUT_FILE_0}\"\n";
			showEnvVarsInLog = 0;
		};
/* End PBXShellScriptBuildPhase section */

/* Begin PBXSourcesBuildPhase section */
		5987758222D2962500CDD46D /* Sources */ = {
			isa = PBXSourcesBuildPhase;
			buildActionMask = 2147483647;
			files = (
				5987758C22D2962500CDD46D /* PlayerViewController.swift in Sources */,
				5987759C22D3D7AB00CDD46D /* MenuViewController.swift in Sources */,
				598775A222D3D91900CDD46D /* MicAnalysisViewController.swift in Sources */,
				5987758A22D2962500CDD46D /* AppDelegate.swift in Sources */,
			);
			runOnlyForDeploymentPostprocessing = 0;
		};
/* End PBXSourcesBuildPhase section */

/* Begin PBXVariantGroup section */
		5987758D22D2962500CDD46D /* Main.storyboard */ = {
			isa = PBXVariantGroup;
			children = (
				5987758E22D2962500CDD46D /* Base */,
			);
			name = Main.storyboard;
			sourceTree = "<group>";
		};
		5987759222D2962600CDD46D /* LaunchScreen.storyboard */ = {
			isa = PBXVariantGroup;
			children = (
				5987759322D2962600CDD46D /* Base */,
			);
			name = LaunchScreen.storyboard;
			sourceTree = "<group>";
		};
/* End PBXVariantGroup section */

/* Begin XCBuildConfiguration section */
		5987759622D2962600CDD46D /* Debug */ = {
			isa = XCBuildConfiguration;
			buildSettings = {
				ALWAYS_SEARCH_USER_PATHS = NO;
				CLANG_ANALYZER_NONNULL = YES;
				CLANG_ANALYZER_NUMBER_OBJECT_CONVERSION = YES_AGGRESSIVE;
				CLANG_CXX_LANGUAGE_STANDARD = "gnu++14";
				CLANG_CXX_LIBRARY = "libc++";
				CLANG_ENABLE_MODULES = YES;
				CLANG_ENABLE_OBJC_ARC = YES;
				CLANG_ENABLE_OBJC_WEAK = YES;
				CLANG_WARN_BLOCK_CAPTURE_AUTORELEASING = YES;
				CLANG_WARN_BOOL_CONVERSION = YES;
				CLANG_WARN_COMMA = YES;
				CLANG_WARN_CONSTANT_CONVERSION = YES;
				CLANG_WARN_DEPRECATED_OBJC_IMPLEMENTATIONS = YES;
				CLANG_WARN_DIRECT_OBJC_ISA_USAGE = YES_ERROR;
				CLANG_WARN_DOCUMENTATION_COMMENTS = YES;
				CLANG_WARN_EMPTY_BODY = YES;
				CLANG_WARN_ENUM_CONVERSION = YES;
				CLANG_WARN_INFINITE_RECURSION = YES;
				CLANG_WARN_INT_CONVERSION = YES;
				CLANG_WARN_NON_LITERAL_NULL_CONVERSION = YES;
				CLANG_WARN_OBJC_IMPLICIT_RETAIN_SELF = YES;
				CLANG_WARN_OBJC_LITERAL_CONVERSION = YES;
				CLANG_WARN_OBJC_ROOT_CLASS = YES_ERROR;
				CLANG_WARN_RANGE_LOOP_ANALYSIS = YES;
				CLANG_WARN_STRICT_PROTOTYPES = YES;
				CLANG_WARN_SUSPICIOUS_MOVE = YES;
				CLANG_WARN_UNGUARDED_AVAILABILITY = YES_AGGRESSIVE;
				CLANG_WARN_UNREACHABLE_CODE = YES;
				CLANG_WARN__DUPLICATE_METHOD_MATCH = YES;
				CODE_SIGN_IDENTITY = "iPhone Developer";
				COPY_PHASE_STRIP = NO;
				DEBUG_INFORMATION_FORMAT = dwarf;
				ENABLE_STRICT_OBJC_MSGSEND = YES;
				ENABLE_TESTABILITY = YES;
				GCC_C_LANGUAGE_STANDARD = gnu11;
				GCC_DYNAMIC_NO_PIC = NO;
				GCC_NO_COMMON_BLOCKS = YES;
				GCC_OPTIMIZATION_LEVEL = 0;
				GCC_PREPROCESSOR_DEFINITIONS = (
					"DEBUG=1",
					"$(inherited)",
				);
				GCC_WARN_64_TO_32_BIT_CONVERSION = YES;
				GCC_WARN_ABOUT_RETURN_TYPE = YES_ERROR;
				GCC_WARN_UNDECLARED_SELECTOR = YES;
				GCC_WARN_UNINITIALIZED_AUTOS = YES_AGGRESSIVE;
				GCC_WARN_UNUSED_FUNCTION = YES;
				GCC_WARN_UNUSED_VARIABLE = YES;
				IPHONEOS_DEPLOYMENT_TARGET = 12.2;
				MTL_ENABLE_DEBUG_INFO = INCLUDE_SOURCE;
				MTL_FAST_MATH = YES;
				ONLY_ACTIVE_ARCH = YES;
				SDKROOT = iphoneos;
				SWIFT_ACTIVE_COMPILATION_CONDITIONS = DEBUG;
				SWIFT_OPTIMIZATION_LEVEL = "-Onone";
			};
			name = Debug;
		};
		5987759722D2962600CDD46D /* Release */ = {
			isa = XCBuildConfiguration;
			buildSettings = {
				ALWAYS_SEARCH_USER_PATHS = NO;
				CLANG_ANALYZER_NONNULL = YES;
				CLANG_ANALYZER_NUMBER_OBJECT_CONVERSION = YES_AGGRESSIVE;
				CLANG_CXX_LANGUAGE_STANDARD = "gnu++14";
				CLANG_CXX_LIBRARY = "libc++";
				CLANG_ENABLE_MODULES = YES;
				CLANG_ENABLE_OBJC_ARC = YES;
				CLANG_ENABLE_OBJC_WEAK = YES;
				CLANG_WARN_BLOCK_CAPTURE_AUTORELEASING = YES;
				CLANG_WARN_BOOL_CONVERSION = YES;
				CLANG_WARN_COMMA = YES;
				CLANG_WARN_CONSTANT_CONVERSION = YES;
				CLANG_WARN_DEPRECATED_OBJC_IMPLEMENTATIONS = YES;
				CLANG_WARN_DIRECT_OBJC_ISA_USAGE = YES_ERROR;
				CLANG_WARN_DOCUMENTATION_COMMENTS = YES;
				CLANG_WARN_EMPTY_BODY = YES;
				CLANG_WARN_ENUM_CONVERSION = YES;
				CLANG_WARN_INFINITE_RECURSION = YES;
				CLANG_WARN_INT_CONVERSION = YES;
				CLANG_WARN_NON_LITERAL_NULL_CONVERSION = YES;
				CLANG_WARN_OBJC_IMPLICIT_RETAIN_SELF = YES;
				CLANG_WARN_OBJC_LITERAL_CONVERSION = YES;
				CLANG_WARN_OBJC_ROOT_CLASS = YES_ERROR;
				CLANG_WARN_RANGE_LOOP_ANALYSIS = YES;
				CLANG_WARN_STRICT_PROTOTYPES = YES;
				CLANG_WARN_SUSPICIOUS_MOVE = YES;
				CLANG_WARN_UNGUARDED_AVAILABILITY = YES_AGGRESSIVE;
				CLANG_WARN_UNREACHABLE_CODE = YES;
				CLANG_WARN__DUPLICATE_METHOD_MATCH = YES;
				CODE_SIGN_IDENTITY = "iPhone Developer";
				COPY_PHASE_STRIP = NO;
				DEBUG_INFORMATION_FORMAT = "dwarf-with-dsym";
				ENABLE_NS_ASSERTIONS = NO;
				ENABLE_STRICT_OBJC_MSGSEND = YES;
				GCC_C_LANGUAGE_STANDARD = gnu11;
				GCC_NO_COMMON_BLOCKS = YES;
				GCC_WARN_64_TO_32_BIT_CONVERSION = YES;
				GCC_WARN_ABOUT_RETURN_TYPE = YES_ERROR;
				GCC_WARN_UNDECLARED_SELECTOR = YES;
				GCC_WARN_UNINITIALIZED_AUTOS = YES_AGGRESSIVE;
				GCC_WARN_UNUSED_FUNCTION = YES;
				GCC_WARN_UNUSED_VARIABLE = YES;
				IPHONEOS_DEPLOYMENT_TARGET = 12.2;
				MTL_ENABLE_DEBUG_INFO = NO;
				MTL_FAST_MATH = YES;
				SDKROOT = iphoneos;
				SWIFT_COMPILATION_MODE = wholemodule;
				SWIFT_OPTIMIZATION_LEVEL = "-O";
				VALIDATE_PRODUCT = YES;
			};
			name = Release;
		};
		5987759922D2962600CDD46D /* Debug */ = {
			isa = XCBuildConfiguration;
			baseConfigurationReference = 1467B262A2D25EC32068CABB /* Pods-AudioKitTutorial.debug.xcconfig */;
			buildSettings = {
				ASSETCATALOG_COMPILER_APPICON_NAME = AppIcon;
				CODE_SIGN_STYLE = Automatic;
				DEVELOPMENT_TEAM = 6QB7F9QKR9;
				INFOPLIST_FILE = AudioKitTutorial/Info.plist;
				IPHONEOS_DEPLOYMENT_TARGET = 10.3;
				LD_RUNPATH_SEARCH_PATHS = (
					"$(inherited)",
					"@executable_path/Frameworks",
				);
				PRODUCT_BUNDLE_IDENTIFIER = com.tiagopestana.AudioKitTutorial;
				PRODUCT_NAME = "$(TARGET_NAME)";
				SWIFT_VERSION = 5.0;
				TARGETED_DEVICE_FAMILY = "1,2";
			};
			name = Debug;
		};
		5987759A22D2962600CDD46D /* Release */ = {
			isa = XCBuildConfiguration;
			baseConfigurationReference = 114EA8276E011E1CAF1C152F /* Pods-AudioKitTutorial.release.xcconfig */;
			buildSettings = {
				ASSETCATALOG_COMPILER_APPICON_NAME = AppIcon;
				CODE_SIGN_STYLE = Automatic;
				DEVELOPMENT_TEAM = 6QB7F9QKR9;
				INFOPLIST_FILE = AudioKitTutorial/Info.plist;
				IPHONEOS_DEPLOYMENT_TARGET = 10.3;
				LD_RUNPATH_SEARCH_PATHS = (
					"$(inherited)",
					"@executable_path/Frameworks",
				);
				PRODUCT_BUNDLE_IDENTIFIER = com.tiagopestana.AudioKitTutorial;
				PRODUCT_NAME = "$(TARGET_NAME)";
				SWIFT_VERSION = 5.0;
				TARGETED_DEVICE_FAMILY = "1,2";
			};
			name = Release;
		};
/* End XCBuildConfiguration section */

/* Begin XCConfigurationList section */
		5987758122D2962500CDD46D /* Build configuration list for PBXProject "AudioKitTutorial" */ = {
			isa = XCConfigurationList;
			buildConfigurations = (
				5987759622D2962600CDD46D /* Debug */,
				5987759722D2962600CDD46D /* Release */,
			);
			defaultConfigurationIsVisible = 0;
			defaultConfigurationName = Release;
		};
		5987759822D2962600CDD46D /* Build configuration list for PBXNativeTarget "AudioKitTutorial" */ = {
			isa = XCConfigurationList;
			buildConfigurations = (
				5987759922D2962600CDD46D /* Debug */,
				5987759A22D2962600CDD46D /* Release */,
			);
			defaultConfigurationIsVisible = 0;
			defaultConfigurationName = Release;
		};
/* End XCConfigurationList section */
	};
	rootObject = 5987757E22D2962500CDD46D /* Project object */;
}
