// !$*UTF8*$!
{
	archiveVersion = 1;
	classes = {
	};
	objectVersion = 50;
	objects = {

/* Begin PBXBuildFile section */
		595418D723BFAB99005ACDAE /* AppDelegate.swift in Sources */ = {isa = PBXBuildFile; fileRef = 595418D623BFAB99005ACDAE /* AppDelegate.swift */; };
		595418D923BFAB99005ACDAE /* SceneDelegate.swift in Sources */ = {isa = PBXBuildFile; fileRef = 595418D823BFAB99005ACDAE /* SceneDelegate.swift */; };
		595418DB23BFAB99005ACDAE /* ViewController.swift in Sources */ = {isa = PBXBuildFile; fileRef = 595418DA23BFAB99005ACDAE /* ViewController.swift */; };
		595418DE23BFAB99005ACDAE /* Main.storyboard in Resources */ = {isa = PBXBuildFile; fileRef = 595418DC23BFAB99005ACDAE /* Main.storyboard */; };
		595418E023BFAB9C005ACDAE /* Assets.xcassets in Resources */ = {isa = PBXBuildFile; fileRef = 595418DF23BFAB9C005ACDAE /* Assets.xcassets */; };
		595418E323BFAB9C005ACDAE /* LaunchScreen.storyboard in Resources */ = {isa = PBXBuildFile; fileRef = 595418E123BFAB9C005ACDAE /* LaunchScreen.storyboard */; };
/* End PBXBuildFile section */

/* Begin PBXCopyFilesBuildPhase section */
		595418F123BFACB3005ACDAE /* Embed Frameworks */ = {
			isa = PBXCopyFilesBuildPhase;
			buildActionMask = 2147483647;
			dstPath = "";
			dstSubfolderSpec = 10;
			files = (
			);
			name = "Embed Frameworks";
			runOnlyForDeploymentPostprocessing = 0;
		};
/* End PBXCopyFilesBuildPhase section */

/* Begin PBXFileReference section */
		287D6833635BE238278EF276 /* Pods-AudioKitTuto.debug.xcconfig */ = {isa = PBXFileReference; includeInIndex = 1; lastKnownFileType = text.xcconfig; name = "Pods-AudioKitTuto.debug.xcconfig"; path = "Target Support Files/Pods-AudioKitTuto/Pods-AudioKitTuto.debug.xcconfig"; sourceTree = "<group>"; };
		595418D323BFAB99005ACDAE /* AudioKitTuto.app */ = {isa = PBXFileReference; explicitFileType = wrapper.application; includeInIndex = 0; path = AudioKitTuto.app; sourceTree = BUILT_PRODUCTS_DIR; };
		595418D623BFAB99005ACDAE /* AppDelegate.swift */ = {isa = PBXFileReference; lastKnownFileType = sourcecode.swift; path = AppDelegate.swift; sourceTree = "<group>"; };
		595418D823BFAB99005ACDAE /* SceneDelegate.swift */ = {isa = PBXFileReference; lastKnownFileType = sourcecode.swift; path = SceneDelegate.swift; sourceTree = "<group>"; };
		595418DA23BFAB99005ACDAE /* ViewController.swift */ = {isa = PBXFileReference; lastKnownFileType = sourcecode.swift; path = ViewController.swift; sourceTree = "<group>"; };
		595418DD23BFAB99005ACDAE /* Base */ = {isa = PBXFileReference; lastKnownFileType = file.storyboard; name = Base; path = Base.lproj/Main.storyboard; sourceTree = "<group>"; };
		595418DF23BFAB9C005ACDAE /* Assets.xcassets */ = {isa = PBXFileReference; lastKnownFileType = folder.assetcatalog; path = Assets.xcassets; sourceTree = "<group>"; };
		595418E223BFAB9C005ACDAE /* Base */ = {isa = PBXFileReference; lastKnownFileType = file.storyboard; name = Base; path = Base.lproj/LaunchScreen.storyboard; sourceTree = "<group>"; };
		595418E423BFAB9C005ACDAE /* Info.plist */ = {isa = PBXFileReference; lastKnownFileType = text.plist.xml; path = Info.plist; sourceTree = "<group>"; };
		86C4E62988D2F66AB6B2249E /* Pods-AudioKitTuto.release.xcconfig */ = {isa = PBXFileReference; includeInIndex = 1; lastKnownFileType = text.xcconfig; name = "Pods-AudioKitTuto.release.xcconfig"; path = "Target Support Files/Pods-AudioKitTuto/Pods-AudioKitTuto.release.xcconfig"; sourceTree = "<group>"; };
/* End PBXFileReference section */

/* Begin PBXFrameworksBuildPhase section */
		595418D023BFAB99005ACDAE /* Frameworks */ = {
			isa = PBXFrameworksBuildPhase;
			buildActionMask = 2147483647;
			files = (
			);
			runOnlyForDeploymentPostprocessing = 0;
		};
/* End PBXFrameworksBuildPhase section */

/* Begin PBXGroup section */
		2E79276E16F7B787B7E6D250 /* Pods */ = {
			isa = PBXGroup;
			children = (
				287D6833635BE238278EF276 /* Pods-AudioKitTuto.debug.xcconfig */,
				86C4E62988D2F66AB6B2249E /* Pods-AudioKitTuto.release.xcconfig */,
			);
			path = Pods;
			sourceTree = "<group>";
		};
		595418CA23BFAB99005ACDAE = {
			isa = PBXGroup;
			children = (
				595418D523BFAB99005ACDAE /* AudioKitTuto */,
				595418D423BFAB99005ACDAE /* Products */,
				2E79276E16F7B787B7E6D250 /* Pods */,
			);
			sourceTree = "<group>";
		};
		595418D423BFAB99005ACDAE /* Products */ = {
			isa = PBXGroup;
			children = (
				595418D323BFAB99005ACDAE /* AudioKitTuto.app */,
			);
			name = Products;
			sourceTree = "<group>";
		};
		595418D523BFAB99005ACDAE /* AudioKitTuto */ = {
			isa = PBXGroup;
			children = (
				595418D623BFAB99005ACDAE /* AppDelegate.swift */,
				595418D823BFAB99005ACDAE /* SceneDelegate.swift */,
				595418DA23BFAB99005ACDAE /* ViewController.swift */,
				595418DC23BFAB99005ACDAE /* Main.storyboard */,
				595418DF23BFAB9C005ACDAE /* Assets.xcassets */,
				595418E123BFAB9C005ACDAE /* LaunchScreen.storyboard */,
				595418E423BFAB9C005ACDAE /* Info.plist */,
			);
			path = AudioKitTuto;
			sourceTree = "<group>";
		};
/* End PBXGroup section */

/* Begin PBXNativeTarget section */
		595418D223BFAB99005ACDAE /* AudioKitTuto */ = {
			isa = PBXNativeTarget;
			buildConfigurationList = 595418E723BFAB9C005ACDAE /* Build configuration list for PBXNativeTarget "AudioKitTuto" */;
			buildPhases = (
				987BCA0E1A0138DA72C07682 /* [CP] Check Pods Manifest.lock */,
				595418CF23BFAB99005ACDAE /* Sources */,
				595418D023BFAB99005ACDAE /* Frameworks */,
				595418D123BFAB99005ACDAE /* Resources */,
				595418F123BFACB3005ACDAE /* Embed Frameworks */,
			);
			buildRules = (
			);
			dependencies = (
			);
			name = AudioKitTuto;
			productName = AudioKitTuto;
			productReference = 595418D323BFAB99005ACDAE /* AudioKitTuto.app */;
			productType = "com.apple.product-type.application";
		};
/* End PBXNativeTarget section */

/* Begin PBXProject section */
		595418CB23BFAB99005ACDAE /* Project object */ = {
			isa = PBXProject;
			attributes = {
				LastSwiftUpdateCheck = 1130;
				LastUpgradeCheck = 1130;
				ORGANIZATIONNAME = "Tiago Pestana";
				TargetAttributes = {
					595418D223BFAB99005ACDAE = {
						CreatedOnToolsVersion = 11.3;
					};
				};
			};
			buildConfigurationList = 595418CE23BFAB99005ACDAE /* Build configuration list for PBXProject "AudioKitTuto" */;
			compatibilityVersion = "Xcode 9.3";
			developmentRegion = en;
			hasScannedForEncodings = 0;
			knownRegions = (
				en,
				Base,
			);
			mainGroup = 595418CA23BFAB99005ACDAE;
			productRefGroup = 595418D423BFAB99005ACDAE /* Products */;
			projectDirPath = "";
			projectRoot = "";
			targets = (
				595418D223BFAB99005ACDAE /* AudioKitTuto */,
			);
		};
/* End PBXProject section */

/* Begin PBXResourcesBuildPhase section */
		595418D123BFAB99005ACDAE /* Resources */ = {
			isa = PBXResourcesBuildPhase;
			buildActionMask = 2147483647;
			files = (
				595418E323BFAB9C005ACDAE /* LaunchScreen.storyboard in Resources */,
				595418E023BFAB9C005ACDAE /* Assets.xcassets in Resources */,
				595418DE23BFAB99005ACDAE /* Main.storyboard in Resources */,
			);
			runOnlyForDeploymentPostprocessing = 0;
		};
/* End PBXResourcesBuildPhase section */

/* Begin PBXShellScriptBuildPhase section */
		987BCA0E1A0138DA72C07682 /* [CP] Check Pods Manifest.lock */ = {
			isa = PBXShellScriptBuildPhase;
			buildActionMask = 2147483647;
			files = (
			);
			inputFileListPaths = (
			);
			inputPaths = (
				"${PODS_PODFILE_DIR_PATH}/Podfile.lock",
				"${PODS_ROOT}/Manifest.lock",
			);
			name = "[CP] Check Pods Manifest.lock";
			outputFileListPaths = (
			);
			outputPaths = (
				"$(DERIVED_FILE_DIR)/Pods-AudioKitTuto-checkManifestLockResult.txt",
			);
			runOnlyForDeploymentPostprocessing = 0;
			shellPath = /bin/sh;
			shellScript = "diff \"${PODS_PODFILE_DIR_PATH}/Podfile.lock\" \"${PODS_ROOT}/Manifest.lock\" > /dev/null\nif [ $? != 0 ] ; then\n    # print error to STDERR\n    echo \"error: The sandbox is not in sync with the Podfile.lock. Run 'pod install' or update your CocoaPods installation.\" >&2\n    exit 1\nfi\n# This output is used by Xcode 'outputs' to avoid re-running this script phase.\necho \"SUCCESS\" > \"${SCRIPT_OUTPUT_FILE_0}\"\n";
			showEnvVarsInLog = 0;
		};
/* End PBXShellScriptBuildPhase section */

/* Begin PBXSourcesBuildPhase section */
		595418CF23BFAB99005ACDAE /* Sources */ = {
			isa = PBXSourcesBuildPhase;
			buildActionMask = 2147483647;
			files = (
				595418DB23BFAB99005ACDAE /* ViewController.swift in Sources */,
				595418D723BFAB99005ACDAE /* AppDelegate.swift in Sources */,
				595418D923BFAB99005ACDAE /* SceneDelegate.swift in Sources */,
			);
			runOnlyForDeploymentPostprocessing = 0;
		};
/* End PBXSourcesBuildPhase section */

/* Begin PBXVariantGroup section */
		595418DC23BFAB99005ACDAE /* Main.storyboard */ = {
			isa = PBXVariantGroup;
			children = (
				595418DD23BFAB99005ACDAE /* Base */,
			);
			name = Main.storyboard;
			sourceTree = "<group>";
		};
		595418E123BFAB9C005ACDAE /* LaunchScreen.storyboard */ = {
			isa = PBXVariantGroup;
			children = (
				595418E223BFAB9C005ACDAE /* Base */,
			);
			name = LaunchScreen.storyboard;
			sourceTree = "<group>";
		};
/* End PBXVariantGroup section */

/* Begin XCBuildConfiguration section */
		595418E523BFAB9C005ACDAE /* Debug */ = {
			isa = XCBuildConfiguration;
			buildSettings = {
				ALWAYS_SEARCH_USER_PATHS = NO;
				CLANG_ANALYZER_NONNULL = YES;
				CLANG_ANALYZER_NUMBER_OBJECT_CONVERSION = YES_AGGRESSIVE;
				CLANG_CXX_LANGUAGE_STANDARD = "gnu++14";
				CLANG_CXX_LIBRARY = "libc++";
				CLANG_ENABLE_MODULES = YES;
				CLANG_ENABLE_OBJC_ARC = YES;
				CLANG_ENABLE_OBJC_WEAK = YES;
				CLANG_WARN_BLOCK_CAPTURE_AUTORELEASING = YES;
				CLANG_WARN_BOOL_CONVERSION = YES;
				CLANG_WARN_COMMA = YES;
				CLANG_WARN_CONSTANT_CONVERSION = YES;
				CLANG_WARN_DEPRECATED_OBJC_IMPLEMENTATIONS = YES;
				CLANG_WARN_DIRECT_OBJC_ISA_USAGE = YES_ERROR;
				CLANG_WARN_DOCUMENTATION_COMMENTS = YES;
				CLANG_WARN_EMPTY_BODY = YES;
				CLANG_WARN_ENUM_CONVERSION = YES;
				CLANG_WARN_INFINITE_RECURSION = YES;
				CLANG_WARN_INT_CONVERSION = YES;
				CLANG_WARN_NON_LITERAL_NULL_CONVERSION = YES;
				CLANG_WARN_OBJC_IMPLICIT_RETAIN_SELF = YES;
				CLANG_WARN_OBJC_LITERAL_CONVERSION = YES;
				CLANG_WARN_OBJC_ROOT_CLASS = YES_ERROR;
				CLANG_WARN_RANGE_LOOP_ANALYSIS = YES;
				CLANG_WARN_STRICT_PROTOTYPES = YES;
				CLANG_WARN_SUSPICIOUS_MOVE = YES;
				CLANG_WARN_UNGUARDED_AVAILABILITY = YES_AGGRESSIVE;
				CLANG_WARN_UNREACHABLE_CODE = YES;
				CLANG_WARN__DUPLICATE_METHOD_MATCH = YES;
				COPY_PHASE_STRIP = NO;
				DEBUG_INFORMATION_FORMAT = dwarf;
				ENABLE_STRICT_OBJC_MSGSEND = YES;
				ENABLE_TESTABILITY = YES;
				GCC_C_LANGUAGE_STANDARD = gnu11;
				GCC_DYNAMIC_NO_PIC = NO;
				GCC_NO_COMMON_BLOCKS = YES;
				GCC_OPTIMIZATION_LEVEL = 0;
				GCC_PREPROCESSOR_DEFINITIONS = (
					"DEBUG=1",
					"$(inherited)",
				);
				GCC_WARN_64_TO_32_BIT_CONVERSION = YES;
				GCC_WARN_ABOUT_RETURN_TYPE = YES_ERROR;
				GCC_WARN_UNDECLARED_SELECTOR = YES;
				GCC_WARN_UNINITIALIZED_AUTOS = YES_AGGRESSIVE;
				GCC_WARN_UNUSED_FUNCTION = YES;
				GCC_WARN_UNUSED_VARIABLE = YES;
				IPHONEOS_DEPLOYMENT_TARGET = 13.2;
				MTL_ENABLE_DEBUG_INFO = INCLUDE_SOURCE;
				MTL_FAST_MATH = YES;
				ONLY_ACTIVE_ARCH = YES;
				SDKROOT = iphoneos;
				SWIFT_ACTIVE_COMPILATION_CONDITIONS = DEBUG;
				SWIFT_OPTIMIZATION_LEVEL = "-Onone";
			};
			name = Debug;
		};
		595418E623BFAB9C005ACDAE /* Release */ = {
			isa = XCBuildConfiguration;
			buildSettings = {
				ALWAYS_SEARCH_USER_PATHS = NO;
				CLANG_ANALYZER_NONNULL = YES;
				CLANG_ANALYZER_NUMBER_OBJECT_CONVERSION = YES_AGGRESSIVE;
				CLANG_CXX_LANGUAGE_STANDARD = "gnu++14";
				CLANG_CXX_LIBRARY = "libc++";
				CLANG_ENABLE_MODULES = YES;
				CLANG_ENABLE_OBJC_ARC = YES;
				CLANG_ENABLE_OBJC_WEAK = YES;
				CLANG_WARN_BLOCK_CAPTURE_AUTORELEASING = YES;
				CLANG_WARN_BOOL_CONVERSION = YES;
				CLANG_WARN_COMMA = YES;
				CLANG_WARN_CONSTANT_CONVERSION = YES;
				CLANG_WARN_DEPRECATED_OBJC_IMPLEMENTATIONS = YES;
				CLANG_WARN_DIRECT_OBJC_ISA_USAGE = YES_ERROR;
				CLANG_WARN_DOCUMENTATION_COMMENTS = YES;
				CLANG_WARN_EMPTY_BODY = YES;
				CLANG_WARN_ENUM_CONVERSION = YES;
				CLANG_WARN_INFINITE_RECURSION = YES;
				CLANG_WARN_INT_CONVERSION = YES;
				CLANG_WARN_NON_LITERAL_NULL_CONVERSION = YES;
				CLANG_WARN_OBJC_IMPLICIT_RETAIN_SELF = YES;
				CLANG_WARN_OBJC_LITERAL_CONVERSION = YES;
				CLANG_WARN_OBJC_ROOT_CLASS = YES_ERROR;
				CLANG_WARN_RANGE_LOOP_ANALYSIS = YES;
				CLANG_WARN_STRICT_PROTOTYPES = YES;
				CLANG_WARN_SUSPICIOUS_MOVE = YES;
				CLANG_WARN_UNGUARDED_AVAILABILITY = YES_AGGRESSIVE;
				CLANG_WARN_UNREACHABLE_CODE = YES;
				CLANG_WARN__DUPLICATE_METHOD_MATCH = YES;
				COPY_PHASE_STRIP = NO;
				DEBUG_INFORMATION_FORMAT = "dwarf-with-dsym";
				ENABLE_NS_ASSERTIONS = NO;
				ENABLE_STRICT_OBJC_MSGSEND = YES;
				GCC_C_LANGUAGE_STANDARD = gnu11;
				GCC_NO_COMMON_BLOCKS = YES;
				GCC_WARN_64_TO_32_BIT_CONVERSION = YES;
				GCC_WARN_ABOUT_RETURN_TYPE = YES_ERROR;
				GCC_WARN_UNDECLARED_SELECTOR = YES;
				GCC_WARN_UNINITIALIZED_AUTOS = YES_AGGRESSIVE;
				GCC_WARN_UNUSED_FUNCTION = YES;
				GCC_WARN_UNUSED_VARIABLE = YES;
				IPHONEOS_DEPLOYMENT_TARGET = 13.2;
				MTL_ENABLE_DEBUG_INFO = NO;
				MTL_FAST_MATH = YES;
				SDKROOT = iphoneos;
				SWIFT_COMPILATION_MODE = wholemodule;
				SWIFT_OPTIMIZATION_LEVEL = "-O";
				VALIDATE_PRODUCT = YES;
			};
			name = Release;
		};
		595418E823BFAB9C005ACDAE /* Debug */ = {
			isa = XCBuildConfiguration;
			baseConfigurationReference = 287D6833635BE238278EF276 /* Pods-AudioKitTuto.debug.xcconfig */;
			buildSettings = {
				ASSETCATALOG_COMPILER_APPICON_NAME = AppIcon;
				CODE_SIGN_STYLE = Automatic;
				DEVELOPMENT_TEAM = 6QB7F9QKR9;
				INFOPLIST_FILE = AudioKitTuto/Info.plist;
				LD_RUNPATH_SEARCH_PATHS = (
					"$(inherited)",
					"@executable_path/Frameworks",
				);
				"OTHER_LDFLAGS[arch=*]" = "-lc++";
				PRODUCT_BUNDLE_IDENTIFIER = com.tiagopestana.AudioKitTuto;
				PRODUCT_NAME = "$(TARGET_NAME)";
				SWIFT_VERSION = 5.0;
				TARGETED_DEVICE_FAMILY = "1,2";
			};
			name = Debug;
		};
		595418E923BFAB9C005ACDAE /* Release */ = {
			isa = XCBuildConfiguration;
			baseConfigurationReference = 86C4E62988D2F66AB6B2249E /* Pods-AudioKitTuto.release.xcconfig */;
			buildSettings = {
				ASSETCATALOG_COMPILER_APPICON_NAME = AppIcon;
				CODE_SIGN_STYLE = Automatic;
				DEVELOPMENT_TEAM = 6QB7F9QKR9;
				INFOPLIST_FILE = AudioKitTuto/Info.plist;
				LD_RUNPATH_SEARCH_PATHS = (
					"$(inherited)",
					"@executable_path/Frameworks",
				);
				"OTHER_LDFLAGS[arch=*]" = "-lc++";
				PRODUCT_BUNDLE_IDENTIFIER = com.tiagopestana.AudioKitTuto;
				PRODUCT_NAME = "$(TARGET_NAME)";
				SWIFT_VERSION = 5.0;
				TARGETED_DEVICE_FAMILY = "1,2";
			};
			name = Release;
		};
/* End XCBuildConfiguration section */

/* Begin XCConfigurationList section */
		595418CE23BFAB99005ACDAE /* Build configuration list for PBXProject "AudioKitTuto" */ = {
			isa = XCConfigurationList;
			buildConfigurations = (
				595418E523BFAB9C005ACDAE /* Debug */,
				595418E623BFAB9C005ACDAE /* Release */,
			);
			defaultConfigurationIsVisible = 0;
			defaultConfigurationName = Release;
		};
		595418E723BFAB9C005ACDAE /* Build configuration list for PBXNativeTarget "AudioKitTuto" */ = {
			isa = XCConfigurationList;
			buildConfigurations = (
				595418E823BFAB9C005ACDAE /* Debug */,
				595418E923BFAB9C005ACDAE /* Release */,
			);
			defaultConfigurationIsVisible = 0;
			defaultConfigurationName = Release;
		};
/* End XCConfigurationList section */
	};
	rootObject = 595418CB23BFAB99005ACDAE /* Project object */;
}
