// !$*UTF8*$!
{
	archiveVersion = 1;
	classes = {
	};
	objectVersion = 50;
	objects = {

/* Begin PBXBuildFile section */
		591DEAEA23FF1A3800B4F8DA /* AppDelegate.swift in Sources */ = {isa = PBXBuildFile; fileRef = 591DEAE923FF1A3800B4F8DA /* AppDelegate.swift */; };
		591DEAEC23FF1A3800B4F8DA /* SceneDelegate.swift in Sources */ = {isa = PBXBuildFile; fileRef = 591DEAEB23FF1A3800B4F8DA /* SceneDelegate.swift */; };
		591DEAEE23FF1A3800B4F8DA /* ViewController.swift in Sources */ = {isa = PBXBuildFile; fileRef = 591DEAED23FF1A3800B4F8DA /* ViewController.swift */; };
		591DEAF123FF1A3800B4F8DA /* Main.storyboard in Resources */ = {isa = PBXBuildFile; fileRef = 591DEAEF23FF1A3800B4F8DA /* Main.storyboard */; };
		591DEAF323FF1A3900B4F8DA /* Assets.xcassets in Resources */ = {isa = PBXBuildFile; fileRef = 591DEAF223FF1A3900B4F8DA /* Assets.xcassets */; };
		591DEAF623FF1A3900B4F8DA /* LaunchScreen.storyboard in Resources */ = {isa = PBXBuildFile; fileRef = 591DEAF423FF1A3900B4F8DA /* LaunchScreen.storyboard */; };
		591DEAFE23FF1CF400B4F8DA /* Constants.swift in Sources */ = {isa = PBXBuildFile; fileRef = 591DEAFD23FF1CF400B4F8DA /* Constants.swift */; };
		591DEB0023FF1E8800B4F8DA /* URLSessionPinningDelegate.swift in Sources */ = {isa = PBXBuildFile; fileRef = 591DEAFF23FF1E8800B4F8DA /* URLSessionPinningDelegate.swift */; };
		591DEB0223FF227400B4F8DA /* Network.swift in Sources */ = {isa = PBXBuildFile; fileRef = 591DEB0123FF227400B4F8DA /* Network.swift */; };
/* End PBXBuildFile section */

/* Begin PBXFileReference section */
		591DEAE623FF1A3800B4F8DA /* CertificatePinning.app */ = {isa = PBXFileReference; explicitFileType = wrapper.application; includeInIndex = 0; path = CertificatePinning.app; sourceTree = BUILT_PRODUCTS_DIR; };
		591DEAE923FF1A3800B4F8DA /* AppDelegate.swift */ = {isa = PBXFileReference; lastKnownFileType = sourcecode.swift; path = AppDelegate.swift; sourceTree = "<group>"; };
		591DEAEB23FF1A3800B4F8DA /* SceneDelegate.swift */ = {isa = PBXFileReference; lastKnownFileType = sourcecode.swift; path = SceneDelegate.swift; sourceTree = "<group>"; };
		591DEAED23FF1A3800B4F8DA /* ViewController.swift */ = {isa = PBXFileReference; lastKnownFileType = sourcecode.swift; path = ViewController.swift; sourceTree = "<group>"; };
		591DEAF023FF1A3800B4F8DA /* Base */ = {isa = PBXFileReference; lastKnownFileType = file.storyboard; name = Base; path = Base.lproj/Main.storyboard; sourceTree = "<group>"; };
		591DEAF223FF1A3900B4F8DA /* Assets.xcassets */ = {isa = PBXFileReference; lastKnownFileType = folder.assetcatalog; path = Assets.xcassets; sourceTree = "<group>"; };
		591DEAF523FF1A3900B4F8DA /* Base */ = {isa = PBXFileReference; lastKnownFileType = file.storyboard; name = Base; path = Base.lproj/LaunchScreen.storyboard; sourceTree = "<group>"; };
		591DEAF723FF1A3900B4F8DA /* Info.plist */ = {isa = PBXFileReference; lastKnownFileType = text.plist.xml; path = Info.plist; sourceTree = "<group>"; };
		591DEAFD23FF1CF400B4F8DA /* Constants.swift */ = {isa = PBXFileReference; lastKnownFileType = sourcecode.swift; path = Constants.swift; sourceTree = "<group>"; };
		591DEAFF23FF1E8800B4F8DA /* URLSessionPinningDelegate.swift */ = {isa = PBXFileReference; lastKnownFileType = sourcecode.swift; path = URLSessionPinningDelegate.swift; sourceTree = "<group>"; };
		591DEB0123FF227400B4F8DA /* Network.swift */ = {isa = PBXFileReference; lastKnownFileType = sourcecode.swift; path = Network.swift; sourceTree = "<group>"; };
/* End PBXFileReference section */

/* Begin PBXFrameworksBuildPhase section */
		591DEAE323FF1A3800B4F8DA /* Frameworks */ = {
			isa = PBXFrameworksBuildPhase;
			buildActionMask = 2147483647;
			files = (
			);
			runOnlyForDeploymentPostprocessing = 0;
		};
/* End PBXFrameworksBuildPhase section */

/* Begin PBXGroup section */
		591DEADD23FF1A3800B4F8DA = {
			isa = PBXGroup;
			children = (
				591DEAE823FF1A3800B4F8DA /* CertificatePinning */,
				591DEAE723FF1A3800B4F8DA /* Products */,
			);
			sourceTree = "<group>";
		};
		591DEAE723FF1A3800B4F8DA /* Products */ = {
			isa = PBXGroup;
			children = (
				591DEAE623FF1A3800B4F8DA /* CertificatePinning.app */,
			);
			name = Products;
			sourceTree = "<group>";
		};
		591DEAE823FF1A3800B4F8DA /* CertificatePinning */ = {
			isa = PBXGroup;
			children = (
				591DEAF723FF1A3900B4F8DA /* Info.plist */,
				591DEAF223FF1A3900B4F8DA /* Assets.xcassets */,
				591DEAF423FF1A3900B4F8DA /* LaunchScreen.storyboard */,
				591DEAEF23FF1A3800B4F8DA /* Main.storyboard */,
				591DEAE923FF1A3800B4F8DA /* AppDelegate.swift */,
				591DEAEB23FF1A3800B4F8DA /* SceneDelegate.swift */,
				591DEAED23FF1A3800B4F8DA /* ViewController.swift */,
				591DEAFF23FF1E8800B4F8DA /* URLSessionPinningDelegate.swift */,
				591DEB0123FF227400B4F8DA /* Network.swift */,
				591DEAFD23FF1CF400B4F8DA /* Constants.swift */,
			);
			path = CertificatePinning;
			sourceTree = "<group>";
		};
/* End PBXGroup section */

/* Begin PBXNativeTarget section */
		591DEAE523FF1A3800B4F8DA /* CertificatePinning */ = {
			isa = PBXNativeTarget;
			buildConfigurationList = 591DEAFA23FF1A3900B4F8DA /* Build configuration list for PBXNativeTarget "CertificatePinning" */;
			buildPhases = (
				591DEAE223FF1A3800B4F8DA /* Sources */,
				591DEAE323FF1A3800B4F8DA /* Frameworks */,
				591DEAE423FF1A3800B4F8DA /* Resources */,
			);
			buildRules = (
			);
			dependencies = (
			);
			name = CertificatePinning;
			productName = CertificatePinning;
			productReference = 591DEAE623FF1A3800B4F8DA /* CertificatePinning.app */;
			productType = "com.apple.product-type.application";
		};
/* End PBXNativeTarget section */

/* Begin PBXProject section */
		591DEADE23FF1A3800B4F8DA /* Project object */ = {
			isa = PBXProject;
			attributes = {
				LastSwiftUpdateCheck = 1130;
				LastUpgradeCheck = 1130;
				ORGANIZATIONNAME = "Tiago Pestana";
				TargetAttributes = {
					591DEAE523FF1A3800B4F8DA = {
						CreatedOnToolsVersion = 11.3.1;
					};
				};
			};
			buildConfigurationList = 591DEAE123FF1A3800B4F8DA /* Build configuration list for PBXProject "CertificatePinning" */;
			compatibilityVersion = "Xcode 9.3";
			developmentRegion = en;
			hasScannedForEncodings = 0;
			knownRegions = (
				en,
				Base,
			);
			mainGroup = 591DEADD23FF1A3800B4F8DA;
			productRefGroup = 591DEAE723FF1A3800B4F8DA /* Products */;
			projectDirPath = "";
			projectRoot = "";
			targets = (
				591DEAE523FF1A3800B4F8DA /* CertificatePinning */,
			);
		};
/* End PBXProject section */

/* Begin PBXResourcesBuildPhase section */
		591DEAE423FF1A3800B4F8DA /* Resources */ = {
			isa = PBXResourcesBuildPhase;
			buildActionMask = 2147483647;
			files = (
				591DEAF623FF1A3900B4F8DA /* LaunchScreen.storyboard in Resources */,
				591DEAF323FF1A3900B4F8DA /* Assets.xcassets in Resources */,
				591DEAF123FF1A3800B4F8DA /* Main.storyboard in Resources */,
			);
			runOnlyForDeploymentPostprocessing = 0;
		};
/* End PBXResourcesBuildPhase section */

/* Begin PBXSourcesBuildPhase section */
		591DEAE223FF1A3800B4F8DA /* Sources */ = {
			isa = PBXSourcesBuildPhase;
			buildActionMask = 2147483647;
			files = (
				591DEAEE23FF1A3800B4F8DA /* ViewController.swift in Sources */,
				591DEAEA23FF1A3800B4F8DA /* AppDelegate.swift in Sources */,
				591DEB0223FF227400B4F8DA /* Network.swift in Sources */,
				591DEAEC23FF1A3800B4F8DA /* SceneDelegate.swift in Sources */,
				591DEAFE23FF1CF400B4F8DA /* Constants.swift in Sources */,
				591DEB0023FF1E8800B4F8DA /* URLSessionPinningDelegate.swift in Sources */,
			);
			runOnlyForDeploymentPostprocessing = 0;
		};
/* End PBXSourcesBuildPhase section */

/* Begin PBXVariantGroup section */
		591DEAEF23FF1A3800B4F8DA /* Main.storyboard */ = {
			isa = PBXVariantGroup;
			children = (
				591DEAF023FF1A3800B4F8DA /* Base */,
			);
			name = Main.storyboard;
			sourceTree = "<group>";
		};
		591DEAF423FF1A3900B4F8DA /* LaunchScreen.storyboard */ = {
			isa = PBXVariantGroup;
			children = (
				591DEAF523FF1A3900B4F8DA /* Base */,
			);
			name = LaunchScreen.storyboard;
			sourceTree = "<group>";
		};
/* End PBXVariantGroup section */

/* Begin XCBuildConfiguration section */
		591DEAF823FF1A3900B4F8DA /* Debug */ = {
			isa = XCBuildConfiguration;
			buildSettings = {
				ALWAYS_SEARCH_USER_PATHS = NO;
				CLANG_ANALYZER_NONNULL = YES;
				CLANG_ANALYZER_NUMBER_OBJECT_CONVERSION = YES_AGGRESSIVE;
				CLANG_CXX_LANGUAGE_STANDARD = "gnu++14";
				CLANG_CXX_LIBRARY = "libc++";
				CLANG_ENABLE_MODULES = YES;
				CLANG_ENABLE_OBJC_ARC = YES;
				CLANG_ENABLE_OBJC_WEAK = YES;
				CLANG_WARN_BLOCK_CAPTURE_AUTORELEASING = YES;
				CLANG_WARN_BOOL_CONVERSION = YES;
				CLANG_WARN_COMMA = YES;
				CLANG_WARN_CONSTANT_CONVERSION = YES;
				CLANG_WARN_DEPRECATED_OBJC_IMPLEMENTATIONS = YES;
				CLANG_WARN_DIRECT_OBJC_ISA_USAGE = YES_ERROR;
				CLANG_WARN_DOCUMENTATION_COMMENTS = YES;
				CLANG_WARN_EMPTY_BODY = YES;
				CLANG_WARN_ENUM_CONVERSION = YES;
				CLANG_WARN_INFINITE_RECURSION = YES;
				CLANG_WARN_INT_CONVERSION = YES;
				CLANG_WARN_NON_LITERAL_NULL_CONVERSION = YES;
				CLANG_WARN_OBJC_IMPLICIT_RETAIN_SELF = YES;
				CLANG_WARN_OBJC_LITERAL_CONVERSION = YES;
				CLANG_WARN_OBJC_ROOT_CLASS = YES_ERROR;
				CLANG_WARN_RANGE_LOOP_ANALYSIS = YES;
				CLANG_WARN_STRICT_PROTOTYPES = YES;
				CLANG_WARN_SUSPICIOUS_MOVE = YES;
				CLANG_WARN_UNGUARDED_AVAILABILITY = YES_AGGRESSIVE;
				CLANG_WARN_UNREACHABLE_CODE = YES;
				CLANG_WARN__DUPLICATE_METHOD_MATCH = YES;
				COPY_PHASE_STRIP = NO;
				DEBUG_INFORMATION_FORMAT = dwarf;
				ENABLE_STRICT_OBJC_MSGSEND = YES;
				ENABLE_TESTABILITY = YES;
				GCC_C_LANGUAGE_STANDARD = gnu11;
				GCC_DYNAMIC_NO_PIC = NO;
				GCC_NO_COMMON_BLOCKS = YES;
				GCC_OPTIMIZATION_LEVEL = 0;
				GCC_PREPROCESSOR_DEFINITIONS = (
					"DEBUG=1",
					"$(inherited)",
				);
				GCC_WARN_64_TO_32_BIT_CONVERSION = YES;
				GCC_WARN_ABOUT_RETURN_TYPE = YES_ERROR;
				GCC_WARN_UNDECLARED_SELECTOR = YES;
				GCC_WARN_UNINITIALIZED_AUTOS = YES_AGGRESSIVE;
				GCC_WARN_UNUSED_FUNCTION = YES;
				GCC_WARN_UNUSED_VARIABLE = YES;
				IPHONEOS_DEPLOYMENT_TARGET = 10.3;
				MTL_ENABLE_DEBUG_INFO = INCLUDE_SOURCE;
				MTL_FAST_MATH = YES;
				ONLY_ACTIVE_ARCH = YES;
				SDKROOT = iphoneos;
				SWIFT_ACTIVE_COMPILATION_CONDITIONS = DEBUG;
				SWIFT_OPTIMIZATION_LEVEL = "-Onone";
			};
			name = Debug;
		};
		591DEAF923FF1A3900B4F8DA /* Release */ = {
			isa = XCBuildConfiguration;
			buildSettings = {
				ALWAYS_SEARCH_USER_PATHS = NO;
				CLANG_ANALYZER_NONNULL = YES;
				CLANG_ANALYZER_NUMBER_OBJECT_CONVERSION = YES_AGGRESSIVE;
				CLANG_CXX_LANGUAGE_STANDARD = "gnu++14";
				CLANG_CXX_LIBRARY = "libc++";
				CLANG_ENABLE_MODULES = YES;
				CLANG_ENABLE_OBJC_ARC = YES;
				CLANG_ENABLE_OBJC_WEAK = YES;
				CLANG_WARN_BLOCK_CAPTURE_AUTORELEASING = YES;
				CLANG_WARN_BOOL_CONVERSION = YES;
				CLANG_WARN_COMMA = YES;
				CLANG_WARN_CONSTANT_CONVERSION = YES;
				CLANG_WARN_DEPRECATED_OBJC_IMPLEMENTATIONS = YES;
				CLANG_WARN_DIRECT_OBJC_ISA_USAGE = YES_ERROR;
				CLANG_WARN_DOCUMENTATION_COMMENTS = YES;
				CLANG_WARN_EMPTY_BODY = YES;
				CLANG_WARN_ENUM_CONVERSION = YES;
				CLANG_WARN_INFINITE_RECURSION = YES;
				CLANG_WARN_INT_CONVERSION = YES;
				CLANG_WARN_NON_LITERAL_NULL_CONVERSION = YES;
				CLANG_WARN_OBJC_IMPLICIT_RETAIN_SELF = YES;
				CLANG_WARN_OBJC_LITERAL_CONVERSION = YES;
				CLANG_WARN_OBJC_ROOT_CLASS = YES_ERROR;
				CLANG_WARN_RANGE_LOOP_ANALYSIS = YES;
				CLANG_WARN_STRICT_PROTOTYPES = YES;
				CLANG_WARN_SUSPICIOUS_MOVE = YES;
				CLANG_WARN_UNGUARDED_AVAILABILITY = YES_AGGRESSIVE;
				CLANG_WARN_UNREACHABLE_CODE = YES;
				CLANG_WARN__DUPLICATE_METHOD_MATCH = YES;
				COPY_PHASE_STRIP = NO;
				DEBUG_INFORMATION_FORMAT = "dwarf-with-dsym";
				ENABLE_NS_ASSERTIONS = NO;
				ENABLE_STRICT_OBJC_MSGSEND = YES;
				GCC_C_LANGUAGE_STANDARD = gnu11;
				GCC_NO_COMMON_BLOCKS = YES;
				GCC_WARN_64_TO_32_BIT_CONVERSION = YES;
				GCC_WARN_ABOUT_RETURN_TYPE = YES_ERROR;
				GCC_WARN_UNDECLARED_SELECTOR = YES;
				GCC_WARN_UNINITIALIZED_AUTOS = YES_AGGRESSIVE;
				GCC_WARN_UNUSED_FUNCTION = YES;
				GCC_WARN_UNUSED_VARIABLE = YES;
				IPHONEOS_DEPLOYMENT_TARGET = 10.3;
				MTL_ENABLE_DEBUG_INFO = NO;
				MTL_FAST_MATH = YES;
				SDKROOT = iphoneos;
				SWIFT_COMPILATION_MODE = wholemodule;
				SWIFT_OPTIMIZATION_LEVEL = "-O";
				VALIDATE_PRODUCT = YES;
			};
			name = Release;
		};
		591DEAFB23FF1A3900B4F8DA /* Debug */ = {
			isa = XCBuildConfiguration;
			buildSettings = {
				ASSETCATALOG_COMPILER_APPICON_NAME = AppIcon;
				CODE_SIGN_STYLE = Automatic;
				DEVELOPMENT_TEAM = 6QB7F9QKR9;
				INFOPLIST_FILE = CertificatePinning/Info.plist;
				IPHONEOS_DEPLOYMENT_TARGET = 10.3;
				LD_RUNPATH_SEARCH_PATHS = (
					"$(inherited)",
					"@executable_path/Frameworks",
				);
				PRODUCT_BUNDLE_IDENTIFIER = com.tiagopestana.CertificatePinning;
				PRODUCT_NAME = "$(TARGET_NAME)";
				SWIFT_VERSION = 5.0;
				TARGETED_DEVICE_FAMILY = "1,2";
			};
			name = Debug;
		};
		591DEAFC23FF1A3900B4F8DA /* Release */ = {
			isa = XCBuildConfiguration;
			buildSettings = {
				ASSETCATALOG_COMPILER_APPICON_NAME = AppIcon;
				CODE_SIGN_STYLE = Automatic;
				DEVELOPMENT_TEAM = 6QB7F9QKR9;
				INFOPLIST_FILE = CertificatePinning/Info.plist;
				IPHONEOS_DEPLOYMENT_TARGET = 10.3;
				LD_RUNPATH_SEARCH_PATHS = (
					"$(inherited)",
					"@executable_path/Frameworks",
				);
				PRODUCT_BUNDLE_IDENTIFIER = com.tiagopestana.CertificatePinning;
				PRODUCT_NAME = "$(TARGET_NAME)";
				SWIFT_VERSION = 5.0;
				TARGETED_DEVICE_FAMILY = "1,2";
			};
			name = Release;
		};
/* End XCBuildConfiguration section */

/* Begin XCConfigurationList section */
		591DEAE123FF1A3800B4F8DA /* Build configuration list for PBXProject "CertificatePinning" */ = {
			isa = XCConfigurationList;
			buildConfigurations = (
				591DEAF823FF1A3900B4F8DA /* Debug */,
				591DEAF923FF1A3900B4F8DA /* Release */,
			);
			defaultConfigurationIsVisible = 0;
			defaultConfigurationName = Release;
		};
		591DEAFA23FF1A3900B4F8DA /* Build configuration list for PBXNativeTarget "CertificatePinning" */ = {
			isa = XCConfigurationList;
			buildConfigurations = (
				591DEAFB23FF1A3900B4F8DA /* Debug */,
				591DEAFC23FF1A3900B4F8DA /* Release */,
			);
			defaultConfigurationIsVisible = 0;
			defaultConfigurationName = Release;
		};
/* End XCConfigurationList section */
	};
	rootObject = 591DEADE23FF1A3800B4F8DA /* Project object */;
}
