// !$*UTF8*$!
{
	archiveVersion = 1;
	classes = {
	};
	objectVersion = 51;
	objects = {

/* Begin PBXBuildFile section */
		595A91FA22B282C9006BC003 /* TeamDataModel.swift in Sources */ = {isa = PBXBuildFile; fileRef = 595A91F922B282C9006BC003 /* TeamDataModel.swift */; };
		59A1777722B2AA7400D8366C /* Networking.swift in Sources */ = {isa = PBXBuildFile; fileRef = 59A1777622B2AA7400D8366C /* Networking.swift */; };
		59AE67B322AEDFF700B7E1ED /* AppDelegate.swift in Sources */ = {isa = PBXBuildFile; fileRef = 59AE67B222AEDFF700B7E1ED /* AppDelegate.swift */; };
		59AE67B522AEDFF700B7E1ED /* ViewController.swift in Sources */ = {isa = PBXBuildFile; fileRef = 59AE67B422AEDFF700B7E1ED /* ViewController.swift */; };
		59AE67B822AEDFF700B7E1ED /* Main.storyboard in Resources */ = {isa = PBXBuildFile; fileRef = 59AE67B622AEDFF700B7E1ED /* Main.storyboard */; };
		59AE67BA22AEDFF800B7E1ED /* Assets.xcassets in Resources */ = {isa = PBXBuildFile; fileRef = 59AE67B922AEDFF800B7E1ED /* Assets.xcassets */; };
		59AE67BD22AEDFF800B7E1ED /* LaunchScreen.storyboard in Resources */ = {isa = PBXBuildFile; fileRef = 59AE67BB22AEDFF800B7E1ED /* LaunchScreen.storyboard */; };
		67C723E052C721312FC993E5 /* Pods_NBAStatsApp.framework in Frameworks */ = {isa = PBXBuildFile; fileRef = 77E1AC1EA87F871C05B574B6 /* Pods_NBAStatsApp.framework */; };
/* End PBXBuildFile section */

/* Begin PBXFileReference section */
		595A91F922B282C9006BC003 /* TeamDataModel.swift */ = {isa = PBXFileReference; lastKnownFileType = sourcecode.swift; path = TeamDataModel.swift; sourceTree = "<group>"; };
		59A1777622B2AA7400D8366C /* Networking.swift */ = {isa = PBXFileReference; lastKnownFileType = sourcecode.swift; path = Networking.swift; sourceTree = "<group>"; };
		59AE67AF22AEDFF700B7E1ED /* NBAStatsApp.app */ = {isa = PBXFileReference; explicitFileType = wrapper.application; includeInIndex = 0; path = NBAStatsApp.app; sourceTree = BUILT_PRODUCTS_DIR; };
		59AE67B222AEDFF700B7E1ED /* AppDelegate.swift */ = {isa = PBXFileReference; lastKnownFileType = sourcecode.swift; path = AppDelegate.swift; sourceTree = "<group>"; };
		59AE67B422AEDFF700B7E1ED /* ViewController.swift */ = {isa = PBXFileReference; lastKnownFileType = sourcecode.swift; path = ViewController.swift; sourceTree = "<group>"; };
		59AE67B722AEDFF700B7E1ED /* Base */ = {isa = PBXFileReference; lastKnownFileType = file.storyboard; name = Base; path = Base.lproj/Main.storyboard; sourceTree = "<group>"; };
		59AE67B922AEDFF800B7E1ED /* Assets.xcassets */ = {isa = PBXFileReference; lastKnownFileType = folder.assetcatalog; path = Assets.xcassets; sourceTree = "<group>"; };
		59AE67BC22AEDFF800B7E1ED /* Base */ = {isa = PBXFileReference; lastKnownFileType = file.storyboard; name = Base; path = Base.lproj/LaunchScreen.storyboard; sourceTree = "<group>"; };
		59AE67BE22AEDFF800B7E1ED /* Info.plist */ = {isa = PBXFileReference; lastKnownFileType = text.plist.xml; path = Info.plist; sourceTree = "<group>"; };
		7502167351AA4A68942EBF5F /* Pods-NBAStatsApp.debug.xcconfig */ = {isa = PBXFileReference; includeInIndex = 1; lastKnownFileType = text.xcconfig; name = "Pods-NBAStatsApp.debug.xcconfig"; path = "Target Support Files/Pods-NBAStatsApp/Pods-NBAStatsApp.debug.xcconfig"; sourceTree = "<group>"; };
		77E1AC1EA87F871C05B574B6 /* Pods_NBAStatsApp.framework */ = {isa = PBXFileReference; explicitFileType = wrapper.framework; includeInIndex = 0; path = Pods_NBAStatsApp.framework; sourceTree = BUILT_PRODUCTS_DIR; };
		8428C3CD307C5613139B0069 /* Pods-NBAStatsApp.release.xcconfig */ = {isa = PBXFileReference; includeInIndex = 1; lastKnownFileType = text.xcconfig; name = "Pods-NBAStatsApp.release.xcconfig"; path = "Target Support Files/Pods-NBAStatsApp/Pods-NBAStatsApp.release.xcconfig"; sourceTree = "<group>"; };
/* End PBXFileReference section */

/* Begin PBXFrameworksBuildPhase section */
		59AE67AC22AEDFF700B7E1ED /* Frameworks */ = {
			isa = PBXFrameworksBuildPhase;
			buildActionMask = 2147483647;
			files = (
				67C723E052C721312FC993E5 /* Pods_NBAStatsApp.framework in Frameworks */,
			);
			runOnlyForDeploymentPostprocessing = 0;
		};
/* End PBXFrameworksBuildPhase section */

/* Begin PBXGroup section */
		4FCD0CAE4BBEFF1527EB40B7 /* Pods */ = {
			isa = PBXGroup;
			children = (
				7502167351AA4A68942EBF5F /* Pods-NBAStatsApp.debug.xcconfig */,
				8428C3CD307C5613139B0069 /* Pods-NBAStatsApp.release.xcconfig */,
			);
			path = Pods;
			sourceTree = "<group>";
		};
		59AE67A622AEDFF700B7E1ED = {
			isa = PBXGroup;
			children = (
				59AE67B122AEDFF700B7E1ED /* NBAStatsApp */,
				59AE67B022AEDFF700B7E1ED /* Products */,
				4FCD0CAE4BBEFF1527EB40B7 /* Pods */,
				92AD0ADF7C3323A9D6242AAC /* Frameworks */,
			);
			sourceTree = "<group>";
		};
		59AE67B022AEDFF700B7E1ED /* Products */ = {
			isa = PBXGroup;
			children = (
				59AE67AF22AEDFF700B7E1ED /* NBAStatsApp.app */,
			);
			name = Products;
			sourceTree = "<group>";
		};
		59AE67B122AEDFF700B7E1ED /* NBAStatsApp */ = {
			isa = PBXGroup;
			children = (
				59AE67B222AEDFF700B7E1ED /* AppDelegate.swift */,
				59AE67B422AEDFF700B7E1ED /* ViewController.swift */,
				59AE67B622AEDFF700B7E1ED /* Main.storyboard */,
				59AE67B922AEDFF800B7E1ED /* Assets.xcassets */,
				59AE67BB22AEDFF800B7E1ED /* LaunchScreen.storyboard */,
				59AE67BE22AEDFF800B7E1ED /* Info.plist */,
				595A91F922B282C9006BC003 /* TeamDataModel.swift */,
				59A1777622B2AA7400D8366C /* Networking.swift */,
			);
			path = NBAStatsApp;
			sourceTree = "<group>";
		};
		92AD0ADF7C3323A9D6242AAC /* Frameworks */ = {
			isa = PBXGroup;
			children = (
				77E1AC1EA87F871C05B574B6 /* Pods_NBAStatsApp.framework */,
			);
			name = Frameworks;
			sourceTree = "<group>";
		};
/* End PBXGroup section */

/* Begin PBXNativeTarget section */
		59AE67AE22AEDFF700B7E1ED /* NBAStatsApp */ = {
			isa = PBXNativeTarget;
			buildConfigurationList = 59AE67C122AEDFF800B7E1ED /* Build configuration list for PBXNativeTarget "NBAStatsApp" */;
			buildPhases = (
				5ABEF1A5E1AB2AF86F148E63 /* [CP] Check Pods Manifest.lock */,
				59AE67AB22AEDFF700B7E1ED /* Sources */,
				59AE67AC22AEDFF700B7E1ED /* Frameworks */,
				59AE67AD22AEDFF700B7E1ED /* Resources */,
				D99D7231F9D0A87DEFD3EE40 /* [CP] Embed Pods Frameworks */,
			);
			buildRules = (
			);
			dependencies = (
			);
			name = NBAStatsApp;
			productName = NBAStatsApp;
			productReference = 59AE67AF22AEDFF700B7E1ED /* NBAStatsApp.app */;
			productType = "com.apple.product-type.application";
		};
/* End PBXNativeTarget section */

/* Begin PBXProject section */
		59AE67A722AEDFF700B7E1ED /* Project object */ = {
			isa = PBXProject;
			attributes = {
				LastSwiftUpdateCheck = 1020;
				LastUpgradeCheck = 1020;
				ORGANIZATIONNAME = "Tiago Pestana";
				TargetAttributes = {
					59AE67AE22AEDFF700B7E1ED = {
						CreatedOnToolsVersion = 10.2.1;
					};
				};
			};
			buildConfigurationList = 59AE67AA22AEDFF700B7E1ED /* Build configuration list for PBXProject "NBAStatsApp" */;
			compatibilityVersion = "Xcode 9.3";
			developmentRegion = en;
			hasScannedForEncodings = 0;
			knownRegions = (
				en,
				Base,
			);
			mainGroup = 59AE67A622AEDFF700B7E1ED;
			productRefGroup = 59AE67B022AEDFF700B7E1ED /* Products */;
			projectDirPath = "";
			projectRoot = "";
			targets = (
				59AE67AE22AEDFF700B7E1ED /* NBAStatsApp */,
			);
		};
/* End PBXProject section */

/* Begin PBXResourcesBuildPhase section */
		59AE67AD22AEDFF700B7E1ED /* Resources */ = {
			isa = PBXResourcesBuildPhase;
			buildActionMask = 2147483647;
			files = (
				59AE67BD22AEDFF800B7E1ED /* LaunchScreen.storyboard in Resources */,
				59AE67BA22AEDFF800B7E1ED /* Assets.xcassets in Resources */,
				59AE67B822AEDFF700B7E1ED /* Main.storyboard in Resources */,
			);
			runOnlyForDeploymentPostprocessing = 0;
		};
/* End PBXResourcesBuildPhase section */

/* Begin PBXShellScriptBuildPhase section */
		5ABEF1A5E1AB2AF86F148E63 /* [CP] Check Pods Manifest.lock */ = {
			isa = PBXShellScriptBuildPhase;
			buildActionMask = 2147483647;
			files = (
			);
			inputFileListPaths = (
			);
			inputPaths = (
				"${PODS_PODFILE_DIR_PATH}/Podfile.lock",
				"${PODS_ROOT}/Manifest.lock",
			);
			name = "[CP] Check Pods Manifest.lock";
			outputFileListPaths = (
			);
			outputPaths = (
				"$(DERIVED_FILE_DIR)/Pods-NBAStatsApp-checkManifestLockResult.txt",
			);
			runOnlyForDeploymentPostprocessing = 0;
			shellPath = /bin/sh;
			shellScript = "diff \"${PODS_PODFILE_DIR_PATH}/Podfile.lock\" \"${PODS_ROOT}/Manifest.lock\" > /dev/null\nif [ $? != 0 ] ; then\n    # print error to STDERR\n    echo \"error: The sandbox is not in sync with the Podfile.lock. Run 'pod install' or update your CocoaPods installation.\" >&2\n    exit 1\nfi\n# This output is used by Xcode 'outputs' to avoid re-running this script phase.\necho \"SUCCESS\" > \"${SCRIPT_OUTPUT_FILE_0}\"\n";
			showEnvVarsInLog = 0;
		};
		D99D7231F9D0A87DEFD3EE40 /* [CP] Embed Pods Frameworks */ = {
			isa = PBXShellScriptBuildPhase;
			buildActionMask = 2147483647;
			files = (
			);
			inputFileListPaths = (
				"${PODS_ROOT}/Target Support Files/Pods-NBAStatsApp/Pods-NBAStatsApp-frameworks-${CONFIGURATION}-input-files.xcfilelist",
			);
			name = "[CP] Embed Pods Frameworks";
			outputFileListPaths = (
				"${PODS_ROOT}/Target Support Files/Pods-NBAStatsApp/Pods-NBAStatsApp-frameworks-${CONFIGURATION}-output-files.xcfilelist",
			);
			runOnlyForDeploymentPostprocessing = 0;
			shellPath = /bin/sh;
			shellScript = "\"${PODS_ROOT}/Target Support Files/Pods-NBAStatsApp/Pods-NBAStatsApp-frameworks.sh\"\n";
			showEnvVarsInLog = 0;
		};
/* End PBXShellScriptBuildPhase section */

/* Begin PBXSourcesBuildPhase section */
		59AE67AB22AEDFF700B7E1ED /* Sources */ = {
			isa = PBXSourcesBuildPhase;
			buildActionMask = 2147483647;
			files = (
				59AE67B522AEDFF700B7E1ED /* ViewController.swift in Sources */,
				595A91FA22B282C9006BC003 /* TeamDataModel.swift in Sources */,
				59AE67B322AEDFF700B7E1ED /* AppDelegate.swift in Sources */,
				59A1777722B2AA7400D8366C /* Networking.swift in Sources */,
			);
			runOnlyForDeploymentPostprocessing = 0;
		};
/* End PBXSourcesBuildPhase section */

/* Begin PBXVariantGroup section */
		59AE67B622AEDFF700B7E1ED /* Main.storyboard */ = {
			isa = PBXVariantGroup;
			children = (
				59AE67B722AEDFF700B7E1ED /* Base */,
			);
			name = Main.storyboard;
			sourceTree = "<group>";
		};
		59AE67BB22AEDFF800B7E1ED /* LaunchScreen.storyboard */ = {
			isa = PBXVariantGroup;
			children = (
				59AE67BC22AEDFF800B7E1ED /* Base */,
			);
			name = LaunchScreen.storyboard;
			sourceTree = "<group>";
		};
/* End PBXVariantGroup section */

/* Begin XCBuildConfiguration section */
		59AE67BF22AEDFF800B7E1ED /* Debug */ = {
			isa = XCBuildConfiguration;
			buildSettings = {
				ALWAYS_SEARCH_USER_PATHS = NO;
				CLANG_ANALYZER_NONNULL = YES;
				CLANG_ANALYZER_NUMBER_OBJECT_CONVERSION = YES_AGGRESSIVE;
				CLANG_CXX_LANGUAGE_STANDARD = "gnu++14";
				CLANG_CXX_LIBRARY = "libc++";
				CLANG_ENABLE_MODULES = YES;
				CLANG_ENABLE_OBJC_ARC = YES;
				CLANG_ENABLE_OBJC_WEAK = YES;
				CLANG_WARN_BLOCK_CAPTURE_AUTORELEASING = YES;
				CLANG_WARN_BOOL_CONVERSION = YES;
				CLANG_WARN_COMMA = YES;
				CLANG_WARN_CONSTANT_CONVERSION = YES;
				CLANG_WARN_DEPRECATED_OBJC_IMPLEMENTATIONS = YES;
				CLANG_WARN_DIRECT_OBJC_ISA_USAGE = YES_ERROR;
				CLANG_WARN_DOCUMENTATION_COMMENTS = YES;
				CLANG_WARN_EMPTY_BODY = YES;
				CLANG_WARN_ENUM_CONVERSION = YES;
				CLANG_WARN_INFINITE_RECURSION = YES;
				CLANG_WARN_INT_CONVERSION = YES;
				CLANG_WARN_NON_LITERAL_NULL_CONVERSION = YES;
				CLANG_WARN_OBJC_IMPLICIT_RETAIN_SELF = YES;
				CLANG_WARN_OBJC_LITERAL_CONVERSION = YES;
				CLANG_WARN_OBJC_ROOT_CLASS = YES_ERROR;
				CLANG_WARN_RANGE_LOOP_ANALYSIS = YES;
				CLANG_WARN_STRICT_PROTOTYPES = YES;
				CLANG_WARN_SUSPICIOUS_MOVE = YES;
				CLANG_WARN_UNGUARDED_AVAILABILITY = YES_AGGRESSIVE;
				CLANG_WARN_UNREACHABLE_CODE = YES;
				CLANG_WARN__DUPLICATE_METHOD_MATCH = YES;
				CODE_SIGN_IDENTITY = "iPhone Developer";
				COPY_PHASE_STRIP = NO;
				DEBUG_INFORMATION_FORMAT = dwarf;
				ENABLE_STRICT_OBJC_MSGSEND = YES;
				ENABLE_TESTABILITY = YES;
				GCC_C_LANGUAGE_STANDARD = gnu11;
				GCC_DYNAMIC_NO_PIC = NO;
				GCC_NO_COMMON_BLOCKS = YES;
				GCC_OPTIMIZATION_LEVEL = 0;
				GCC_PREPROCESSOR_DEFINITIONS = (
					"DEBUG=1",
					"$(inherited)",
				);
				GCC_WARN_64_TO_32_BIT_CONVERSION = YES;
				GCC_WARN_ABOUT_RETURN_TYPE = YES_ERROR;
				GCC_WARN_UNDECLARED_SELECTOR = YES;
				GCC_WARN_UNINITIALIZED_AUTOS = YES_AGGRESSIVE;
				GCC_WARN_UNUSED_FUNCTION = YES;
				GCC_WARN_UNUSED_VARIABLE = YES;
				IPHONEOS_DEPLOYMENT_TARGET = 12.2;
				MTL_ENABLE_DEBUG_INFO = INCLUDE_SOURCE;
				MTL_FAST_MATH = YES;
				ONLY_ACTIVE_ARCH = YES;
				SDKROOT = iphoneos;
				SWIFT_ACTIVE_COMPILATION_CONDITIONS = DEBUG;
				SWIFT_OPTIMIZATION_LEVEL = "-Onone";
			};
			name = Debug;
		};
		59AE67C022AEDFF800B7E1ED /* Release */ = {
			isa = XCBuildConfiguration;
			buildSettings = {
				ALWAYS_SEARCH_USER_PATHS = NO;
				CLANG_ANALYZER_NONNULL = YES;
				CLANG_ANALYZER_NUMBER_OBJECT_CONVERSION = YES_AGGRESSIVE;
				CLANG_CXX_LANGUAGE_STANDARD = "gnu++14";
				CLANG_CXX_LIBRARY = "libc++";
				CLANG_ENABLE_MODULES = YES;
				CLANG_ENABLE_OBJC_ARC = YES;
				CLANG_ENABLE_OBJC_WEAK = YES;
				CLANG_WARN_BLOCK_CAPTURE_AUTORELEASING = YES;
				CLANG_WARN_BOOL_CONVERSION = YES;
				CLANG_WARN_COMMA = YES;
				CLANG_WARN_CONSTANT_CONVERSION = YES;
				CLANG_WARN_DEPRECATED_OBJC_IMPLEMENTATIONS = YES;
				CLANG_WARN_DIRECT_OBJC_ISA_USAGE = YES_ERROR;
				CLANG_WARN_DOCUMENTATION_COMMENTS = YES;
				CLANG_WARN_EMPTY_BODY = YES;
				CLANG_WARN_ENUM_CONVERSION = YES;
				CLANG_WARN_INFINITE_RECURSION = YES;
				CLANG_WARN_INT_CONVERSION = YES;
				CLANG_WARN_NON_LITERAL_NULL_CONVERSION = YES;
				CLANG_WARN_OBJC_IMPLICIT_RETAIN_SELF = YES;
				CLANG_WARN_OBJC_LITERAL_CONVERSION = YES;
				CLANG_WARN_OBJC_ROOT_CLASS = YES_ERROR;
				CLANG_WARN_RANGE_LOOP_ANALYSIS = YES;
				CLANG_WARN_STRICT_PROTOTYPES = YES;
				CLANG_WARN_SUSPICIOUS_MOVE = YES;
				CLANG_WARN_UNGUARDED_AVAILABILITY = YES_AGGRESSIVE;
				CLANG_WARN_UNREACHABLE_CODE = YES;
				CLANG_WARN__DUPLICATE_METHOD_MATCH = YES;
				CODE_SIGN_IDENTITY = "iPhone Developer";
				COPY_PHASE_STRIP = NO;
				DEBUG_INFORMATION_FORMAT = "dwarf-with-dsym";
				ENABLE_NS_ASSERTIONS = NO;
				ENABLE_STRICT_OBJC_MSGSEND = YES;
				GCC_C_LANGUAGE_STANDARD = gnu11;
				GCC_NO_COMMON_BLOCKS = YES;
				GCC_WARN_64_TO_32_BIT_CONVERSION = YES;
				GCC_WARN_ABOUT_RETURN_TYPE = YES_ERROR;
				GCC_WARN_UNDECLARED_SELECTOR = YES;
				GCC_WARN_UNINITIALIZED_AUTOS = YES_AGGRESSIVE;
				GCC_WARN_UNUSED_FUNCTION = YES;
				GCC_WARN_UNUSED_VARIABLE = YES;
				IPHONEOS_DEPLOYMENT_TARGET = 12.2;
				MTL_ENABLE_DEBUG_INFO = NO;
				MTL_FAST_MATH = YES;
				SDKROOT = iphoneos;
				SWIFT_COMPILATION_MODE = wholemodule;
				SWIFT_OPTIMIZATION_LEVEL = "-O";
				VALIDATE_PRODUCT = YES;
			};
			name = Release;
		};
		59AE67C222AEDFF800B7E1ED /* Debug */ = {
			isa = XCBuildConfiguration;
			baseConfigurationReference = 7502167351AA4A68942EBF5F /* Pods-NBAStatsApp.debug.xcconfig */;
			buildSettings = {
				ASSETCATALOG_COMPILER_APPICON_NAME = AppIcon;
				CODE_SIGN_STYLE = Automatic;
				DEVELOPMENT_TEAM = 6QB7F9QKR9;
				INFOPLIST_FILE = NBAStatsApp/Info.plist;
				LD_RUNPATH_SEARCH_PATHS = (
					"$(inherited)",
					"@executable_path/Frameworks",
				);
				PRODUCT_BUNDLE_IDENTIFIER = com.tiagopestana.NBAStatsApp;
				PRODUCT_NAME = "$(TARGET_NAME)";
				SWIFT_VERSION = 5.0;
				TARGETED_DEVICE_FAMILY = "1,2";
			};
			name = Debug;
		};
		59AE67C322AEDFF800B7E1ED /* Release */ = {
			isa = XCBuildConfiguration;
			baseConfigurationReference = 8428C3CD307C5613139B0069 /* Pods-NBAStatsApp.release.xcconfig */;
			buildSettings = {
				ASSETCATALOG_COMPILER_APPICON_NAME = AppIcon;
				CODE_SIGN_STYLE = Automatic;
				DEVELOPMENT_TEAM = 6QB7F9QKR9;
				INFOPLIST_FILE = NBAStatsApp/Info.plist;
				LD_RUNPATH_SEARCH_PATHS = (
					"$(inherited)",
					"@executable_path/Frameworks",
				);
				PRODUCT_BUNDLE_IDENTIFIER = com.tiagopestana.NBAStatsApp;
				PRODUCT_NAME = "$(TARGET_NAME)";
				SWIFT_VERSION = 5.0;
				TARGETED_DEVICE_FAMILY = "1,2";
			};
			name = Release;
		};
/* End XCBuildConfiguration section */

/* Begin XCConfigurationList section */
		59AE67AA22AEDFF700B7E1ED /* Build configuration list for PBXProject "NBAStatsApp" */ = {
			isa = XCConfigurationList;
			buildConfigurations = (
				59AE67BF22AEDFF800B7E1ED /* Debug */,
				59AE67C022AEDFF800B7E1ED /* Release */,
			);
			defaultConfigurationIsVisible = 0;
			defaultConfigurationName = Release;
		};
		59AE67C122AEDFF800B7E1ED /* Build configuration list for PBXNativeTarget "NBAStatsApp" */ = {
			isa = XCConfigurationList;
			buildConfigurations = (
				59AE67C222AEDFF800B7E1ED /* Debug */,
				59AE67C322AEDFF800B7E1ED /* Release */,
			);
			defaultConfigurationIsVisible = 0;
			defaultConfigurationName = Release;
		};
/* End XCConfigurationList section */
	};
	rootObject = 59AE67A722AEDFF700B7E1ED /* Project object */;
}
